
Microsoft Visual Studio Solution File, Format Version 12.00
# Visual Studio Version 16
VisualStudioVersion = 16.0.30907.101
MinimumVisualStudioVersion = 10.0.40219.1
Project("{9A19103F-16F7-4668-BE54-9A1E7A4F7556}") = "server", "server.csproj", "{55580BB3-A665-4028-9A69-44D7DFEAD494}"
EndProject
Global
	GlobalSection(SolutionConfigurationPlatforms) = preSolution
		Debug|Any CPU = Debug|Any CPU
		Release|Any CPU = Release|Any CPU
	EndGlobalSection
	GlobalSection(ProjectConfigurationPlatforms) = postSolution
		{55580BB3-A665-4028-9A69-44D7DFEAD494}.Debug|Any CPU.ActiveCfg = Debug|Any CPU
		{55580BB3-A665-4028-9A69-44D7DFEAD494}.Debug|Any CPU.Build.0 = Debug|Any CPU
		{55580BB3-A665-4028-9A69-44D7DFEAD494}.Release|Any CPU.ActiveCfg = Release|Any CPU
		{55580BB3-A665-4028-9A69-44D7DFEAD494}.Release|Any CPU.Build.0 = Release|Any CPU
	EndGlobalSection
	GlobalSection(SolutionProperties) = preSolution
		HideSolutionNode = FALSE
	EndGlobalSection
	GlobalSection(ExtensibilityGlobals) = postSolution
		SolutionGuid = {05FD5660-A1F9-4E46-99DD-DCF5DE0C08CE}
	EndGlobalSection
EndGlobal
